
Microsoft Visual Studio Solution File, Format Version 12.00
# Visual Studio Version 16
VisualStudioVersion = 16.0.31829.152
MinimumVisualStudioVersion = 10.0.40219.1
Project("{9A19103F-16F7-4668-BE54-9A1E7A4F7556}") = "PokemonBox", "PokemonBox.csproj", "{22C40B0C-5205-4E46-BCC0-B1FFF21D35C6}"
EndProject
Global
	GlobalSection(SolutionConfigurationPlatforms) = preSolution
		Debug|Any CPU = Debug|Any CPU
		Release|Any CPU = Release|Any CPU
	EndGlobalSection
	GlobalSection(ProjectConfigurationPlatforms) = postSolution
		{22C40B0C-5205-4E46-BCC0-B1FFF21D35C6}.Debug|Any CPU.ActiveCfg = Debug|Any CPU
		{22C40B0C-5205-4E46-BCC0-B1FFF21D35C6}.Debug|Any CPU.Build.0 = Debug|Any CPU
		{22C40B0C-5205-4E46-BCC0-B1FFF21D35C6}.Release|Any CPU.ActiveCfg = Release|Any CPU
		{22C40B0C-5205-4E46-BCC0-B1FFF21D35C6}.Release|Any CPU.Build.0 = Release|Any CPU
	EndGlobalSection
	GlobalSection(SolutionProperties) = preSolution
		HideSolutionNode = FALSE
	EndGlobalSection
	GlobalSection(ExtensibilityGlobals) = postSolution
		SolutionGuid = {FD611A79-E38E-436D-9E58-943D8FCC1D34}
	EndGlobalSection
EndGlobal
